
Microsoft Visual Studio Solution File, Format Version 12.00
# Visual Studio Version 17
VisualStudioVersion = 17.6.33801.468
MinimumVisualStudioVersion = 10.0.40219.1
Project("{FAE04EC0-301F-11D3-BF4B-00C04F79EFBC}") = "UniApi", "UniApi\UniApi.csproj", "{4AFB86E4-8AFA-4940-9E4D-8940C77C2A9C}"
EndProject
Global
	GlobalSection(SolutionConfigurationPlatforms) = preSolution
		Debug|Any CPU = Debug|Any CPU
		Release|Any CPU = Release|Any CPU
	EndGlobalSection
	GlobalSection(ProjectConfigurationPlatforms) = postSolution
		{4AFB86E4-8AFA-4940-9E4D-8940C77C2A9C}.Debug|Any CPU.ActiveCfg = Debug|Any CPU
		{4AFB86E4-8AFA-4940-9E4D-8940C77C2A9C}.Debug|Any CPU.Build.0 = Debug|Any CPU
		{4AFB86E4-8AFA-4940-9E4D-8940C77C2A9C}.Release|Any CPU.ActiveCfg = Release|Any CPU
		{4AFB86E4-8AFA-4940-9E4D-8940C77C2A9C}.Release|Any CPU.Build.0 = Release|Any CPU
	EndGlobalSection
	GlobalSection(SolutionProperties) = preSolution
		HideSolutionNode = FALSE
	EndGlobalSection
	GlobalSection(ExtensibilityGlobals) = postSolution
		SolutionGuid = {D03E54AD-03BA-48AE-A36D-ED57A5E92F4E}
	EndGlobalSection
EndGlobal
